<Solution>
  <Configurations>
    <Platform Name="x64" />
    <Platform Name="x86" />
  </Configurations>
  <Project Path="../Class1th (input system/Class1th (input system.vcxproj" Id="5cd0202c-1196-4ac7-8672-f291e895ece4" />
  <Project Path="../Class2th (time system)/Class2th (time system).vcxproj" Id="a7e86eb9-5ebf-4093-ae13-e7bb6fc7c3b6" />
  <Project Path="../Class3th (File in put &amp; out put)/Class3th (File in put &amp; out put).vcxproj" Id="62ecd7aa-b598-46c6-b770-1e764906abc1" />
  <Project Path="../Class4th (color system)/Class4th (color system).vcxproj" Id="120fda28-7384-4ddf-9195-80b288e65165" />
  <Project Path="Program.vcxproj" Id="e6de2edc-e25d-4e1a-b08b-1dfde4fc6432" />
</Solution>
